// !$*UTF8*$!
{
	archiveVersion = 1;
	classes = {
	};
	objectVersion = 45;
	objects = {

/* Begin PBXAggregateTarget section */
		233E2C640A83C768005A62DF /* Build & Copy */ = {
			isa = PBXAggregateTarget;
			buildConfigurationList = 233E2D890A83C7AC005A62DF /* Build configuration list for PBXAggregateTarget "Build & Copy" */;
			buildPhases = (
				233E2C690A83C783005A62DF /* ShellScript */,
			);
			dependencies = (
				233E2C660A83C76D005A62DF /* PBXTargetDependency */,
			);
			name = "Build & Copy";
			productName = "Build & Install";
		};
/* End PBXAggregateTarget section */

/* Begin PBXBuildFile section */
		16BA95420A7EB2EB001E4983 /* QCtoOFImageDemoPlugin.mm in Sources */ = {isa = PBXBuildFile; fileRef = 16BA95410A7EB2EB001E4983 /* QCtoOFImageDemoPlugin.mm */; };
		1B3A1234108EB77900970B27 /* libfmodex.dylib in Frameworks */ = {isa = PBXBuildFile; fileRef = 1B3A0F96108EB77800970B27 /* libfmodex.dylib */; };
		1B3A1235108EB77900970B27 /* freeimage.a in Frameworks */ = {isa = PBXBuildFile; fileRef = 1B3A0F9B108EB77800970B27 /* freeimage.a */; };
		1B3A1236108EB77900970B27 /* freetype.a in Frameworks */ = {isa = PBXBuildFile; fileRef = 1B3A0FF6108EB77800970B27 /* freetype.a */; };
		1B3A1237108EB77900970B27 /* GLee.a in Frameworks */ = {isa = PBXBuildFile; fileRef = 1B3A0FFB108EB77800970B27 /* GLee.a */; };
		1B3A124A108EB77900970B27 /* libCppUnit.a in Frameworks */ = {isa = PBXBuildFile; fileRef = 1B3A1220108EB77900970B27 /* libCppUnit.a */; };
		1B3A124B108EB77900970B27 /* libPocoFoundation.a in Frameworks */ = {isa = PBXBuildFile; fileRef = 1B3A1221108EB77900970B27 /* libPocoFoundation.a */; };
		1B3A124C108EB77900970B27 /* libPocoNet.a in Frameworks */ = {isa = PBXBuildFile; fileRef = 1B3A1222108EB77900970B27 /* libPocoNet.a */; };
		1B3A124D108EB77900970B27 /* libPocoUtil.a in Frameworks */ = {isa = PBXBuildFile; fileRef = 1B3A1223108EB77900970B27 /* libPocoUtil.a */; };
		1B3A124E108EB77900970B27 /* libPocoXML.a in Frameworks */ = {isa = PBXBuildFile; fileRef = 1B3A1224108EB77900970B27 /* libPocoXML.a */; };
		1B3A124F108EB77900970B27 /* rtAudio.a in Frameworks */ = {isa = PBXBuildFile; fileRef = 1B3A1233108EB77900970B27 /* rtAudio.a */; };
		1B3A125E108EB8CA00970B27 /* libfmodex.dylib in Copy Library */ = {isa = PBXBuildFile; fileRef = 1B3A0F96108EB77800970B27 /* libfmodex.dylib */; };
		1B42717410812F5F00360A9F /* ofAppGlutWindow.cpp in Sources */ = {isa = PBXBuildFile; fileRef = 1B42714310812F5F00360A9F /* ofAppGlutWindow.cpp */; };
		1B42717510812F5F00360A9F /* ofAppRunner.cpp in Sources */ = {isa = PBXBuildFile; fileRef = 1B42714510812F5F00360A9F /* ofAppRunner.cpp */; };
		1B42717610812F5F00360A9F /* ofArduino.cpp in Sources */ = {isa = PBXBuildFile; fileRef = 1B42714910812F5F00360A9F /* ofArduino.cpp */; };
		1B42717710812F5F00360A9F /* ofSerial.cpp in Sources */ = {isa = PBXBuildFile; fileRef = 1B42714B10812F5F00360A9F /* ofSerial.cpp */; };
		1B42717810812F5F00360A9F /* ofStandardFirmata.cpp in Sources */ = {isa = PBXBuildFile; fileRef = 1B42714D10812F5F00360A9F /* ofStandardFirmata.cpp */; };
		1B42717910812F5F00360A9F /* ofBitmapFont.cpp in Sources */ = {isa = PBXBuildFile; fileRef = 1B42715310812F5F00360A9F /* ofBitmapFont.cpp */; };
		1B42717A10812F5F00360A9F /* ofGraphics.cpp in Sources */ = {isa = PBXBuildFile; fileRef = 1B42715510812F5F00360A9F /* ofGraphics.cpp */; };
		1B42717B10812F5F00360A9F /* ofImage.cpp in Sources */ = {isa = PBXBuildFile; fileRef = 1B42715710812F5F00360A9F /* ofImage.cpp */; };
		1B42717C10812F5F00360A9F /* ofTexture.cpp in Sources */ = {isa = PBXBuildFile; fileRef = 1B42715910812F5F00360A9F /* ofTexture.cpp */; };
		1B42717D10812F5F00360A9F /* ofTrueTypeFont.cpp in Sources */ = {isa = PBXBuildFile; fileRef = 1B42715B10812F5F00360A9F /* ofTrueTypeFont.cpp */; };
		1B42717E10812F5F00360A9F /* ofSoundPlayer.cpp in Sources */ = {isa = PBXBuildFile; fileRef = 1B42715F10812F5F00360A9F /* ofSoundPlayer.cpp */; };
		1B42717F10812F5F00360A9F /* ofSoundStream.cpp in Sources */ = {isa = PBXBuildFile; fileRef = 1B42716110812F5F00360A9F /* ofSoundStream.cpp */; };
		1B42718010812F5F00360A9F /* ofMath.cpp in Sources */ = {isa = PBXBuildFile; fileRef = 1B42716510812F5F00360A9F /* ofMath.cpp */; };
		1B42718110812F5F00360A9F /* ofUtils.cpp in Sources */ = {isa = PBXBuildFile; fileRef = 1B42716810812F5F00360A9F /* ofUtils.cpp */; };
		1B42718210812F5F00360A9F /* ofQtUtils.cpp in Sources */ = {isa = PBXBuildFile; fileRef = 1B42716B10812F5F00360A9F /* ofQtUtils.cpp */; };
		1B42718310812F5F00360A9F /* ofUCUtils.cpp in Sources */ = {isa = PBXBuildFile; fileRef = 1B42716D10812F5F00360A9F /* ofUCUtils.cpp */; };
		1B42718410812F5F00360A9F /* ofVideoGrabber.cpp in Sources */ = {isa = PBXBuildFile; fileRef = 1B42717010812F5F00360A9F /* ofVideoGrabber.cpp */; };
		1B42718510812F5F00360A9F /* ofVideoPlayer.cpp in Sources */ = {isa = PBXBuildFile; fileRef = 1B42717210812F5F00360A9F /* ofVideoPlayer.cpp */; };
		1B42769B108145FD00360A9F /* AGL.framework in Frameworks */ = {isa = PBXBuildFile; fileRef = 1B4272FB1081344000360A9F /* AGL.framework */; };
		1B42769C108145FD00360A9F /* ApplicationServices.framework in Frameworks */ = {isa = PBXBuildFile; fileRef = 1B4272FC1081344000360A9F /* ApplicationServices.framework */; };
		1B42769D108145FD00360A9F /* AudioToolbox.framework in Frameworks */ = {isa = PBXBuildFile; fileRef = 1B4272FD1081344000360A9F /* AudioToolbox.framework */; };
		1B42769E108145FD00360A9F /* Carbon.framework in Frameworks */ = {isa = PBXBuildFile; fileRef = 1B4272FE1081344000360A9F /* Carbon.framework */; };
		1B42769F108145FD00360A9F /* CoreAudio.framework in Frameworks */ = {isa = PBXBuildFile; fileRef = 1B4272FF1081344000360A9F /* CoreAudio.framework */; };
		1B4276A0108145FD00360A9F /* CoreFoundation.framework in Frameworks */ = {isa = PBXBuildFile; fileRef = 1B4273001081344000360A9F /* CoreFoundation.framework */; };
		1B4276A1108145FD00360A9F /* CoreServices.framework in Frameworks */ = {isa = PBXBuildFile; fileRef = 1B4273011081344000360A9F /* CoreServices.framework */; };
		1B4276A2108145FD00360A9F /* GLUT.framework in Frameworks */ = {isa = PBXBuildFile; fileRef = 1B4273021081344000360A9F /* GLUT.framework */; };
		1B4276A3108145FD00360A9F /* OpenGL.framework in Frameworks */ = {isa = PBXBuildFile; fileRef = 1B4273031081344000360A9F /* OpenGL.framework */; };
		1B4276A4108145FD00360A9F /* QuickTime.framework in Frameworks */ = {isa = PBXBuildFile; fileRef = 1B4273041081344000360A9F /* QuickTime.framework */; };
		1B4276B91081465100360A9F /* Quartz.framework in Frameworks */ = {isa = PBXBuildFile; fileRef = 1B4276B81081465100360A9F /* Quartz.framework */; };
		1B4277D910816F3200360A9F /* testApp.cpp in Sources */ = {isa = PBXBuildFile; fileRef = 1B4277D710816F3200360A9F /* testApp.cpp */; };
		1B4277E81081703400360A9F /* Cocoa.framework in Frameworks */ = {isa = PBXBuildFile; fileRef = 1058C7ADFEA557BF11CA2CBB /* Cocoa.framework */; };
		1B427AA51081AB5B00360A9F /* ofxQCBaseWindowProxy.cpp in Sources */ = {isa = PBXBuildFile; fileRef = 1B427AA41081AB5B00360A9F /* ofxQCBaseWindowProxy.cpp */; };
		1B8CA42310845AAE00C63002 /* tdf_1972_poster.jpg in Data */ = {isa = PBXBuildFile; fileRef = 1B8CA42210845AAA00C63002 /* tdf_1972_poster.jpg */; };
		1BB1C6F610B9BA7B0024A685 /* ofxQCIOUtilities.mm in Sources */ = {isa = PBXBuildFile; fileRef = 1BB1C6F510B9BA7B0024A685 /* ofxQCIOUtilities.mm */; };
/* End PBXBuildFile section */

/* Begin PBXContainerItemProxy section */
		233E2C650A83C76D005A62DF /* PBXContainerItemProxy */ = {
			isa = PBXContainerItemProxy;
			containerPortal = 089C1669FE841209C02AAC07 /* Project object */;
			proxyType = 1;
			remoteGlobalIDString = 8D5B49AC048680CD000E48DA;
			remoteInfo = "QC Plugin Test";
		};
/* End PBXContainerItemProxy section */

/* Begin PBXCopyFilesBuildPhase section */
		1B427870108186A700360A9F /* Copy Library */ = {
			isa = PBXCopyFilesBuildPhase;
			buildActionMask = 2147483647;
			dstPath = "";
			dstSubfolderSpec = 10;
			files = (
				1B3A125E108EB8CA00970B27 /* libfmodex.dylib in Copy Library */,
			);
			name = "Copy Library";
			runOnlyForDeploymentPostprocessing = 0;
		};
		1B8CA42110845A9C00C63002 /* Data */ = {
			isa = PBXCopyFilesBuildPhase;
			buildActionMask = 2147483647;
			dstPath = Data;
			dstSubfolderSpec = 7;
			files = (
				1B8CA42310845AAE00C63002 /* tdf_1972_poster.jpg in Data */,
			);
			name = Data;
			runOnlyForDeploymentPostprocessing = 0;
		};
/* End PBXCopyFilesBuildPhase section */

/* Begin PBXFileReference section */
		1058C7ADFEA557BF11CA2CBB /* Cocoa.framework */ = {isa = PBXFileReference; lastKnownFileType = wrapper.framework; name = Cocoa.framework; path = /System/Library/Frameworks/Cocoa.framework; sourceTree = "<absolute>"; };
		16AA5C440A7EEE7300888E31 /* QCtoOFImageDemoPlugin.pch */ = {isa = PBXFileReference; fileEncoding = 30; lastKnownFileType = sourcecode.c.h; path = QCtoOFImageDemoPlugin.pch; sourceTree = "<group>"; };
		16BA95400A7EB2EB001E4983 /* QCtoOFImageDemoPlugin.h */ = {isa = PBXFileReference; fileEncoding = 30; lastKnownFileType = sourcecode.c.h; path = QCtoOFImageDemoPlugin.h; sourceTree = "<group>"; };
		16BA95410A7EB2EB001E4983 /* QCtoOFImageDemoPlugin.mm */ = {isa = PBXFileReference; fileEncoding = 30; lastKnownFileType = sourcecode.cpp.objcpp; path = QCtoOFImageDemoPlugin.mm; sourceTree = "<group>"; };
		1B3A0F96108EB77800970B27 /* libfmodex.dylib */ = {isa = PBXFileReference; lastKnownFileType = "compiled.mach-o.dylib"; name = libfmodex.dylib; path = /Users/vade/Documents/of_preRelease_v0.06_xcode_FAT/libs/fmodex/lib/libfmodex.dylib; sourceTree = "<absolute>"; };
		1B3A0F9B108EB77800970B27 /* freeimage.a */ = {isa = PBXFileReference; lastKnownFileType = archive.ar; name = freeimage.a; path = /Users/vade/Documents/of_preRelease_v0.06_xcode_FAT/libs/freeimage/lib/freeimage.a; sourceTree = "<absolute>"; };
		1B3A0FF6108EB77800970B27 /* freetype.a */ = {isa = PBXFileReference; lastKnownFileType = archive.ar; name = freetype.a; path = /Users/vade/Documents/of_preRelease_v0.06_xcode_FAT/libs/freetype/lib/freetype.a; sourceTree = "<absolute>"; };
		1B3A0FFB108EB77800970B27 /* GLee.a */ = {isa = PBXFileReference; lastKnownFileType = archive.ar; name = GLee.a; path = /Users/vade/Documents/of_preRelease_v0.06_xcode_FAT/libs/GLee/lib/GLee.a; sourceTree = "<absolute>"; };
		1B3A121E108EB77900970B27 /* install.txt */ = {isa = PBXFileReference; fileEncoding = 4; lastKnownFileType = text; name = install.txt; path = /Users/vade/Documents/of_preRelease_v0.06_xcode_FAT/libs/poco/install.txt; sourceTree = "<absolute>"; };
		1B3A1220108EB77900970B27 /* libCppUnit.a */ = {isa = PBXFileReference; lastKnownFileType = archive.ar; name = libCppUnit.a; path = /Users/vade/Documents/of_preRelease_v0.06_xcode_FAT/libs/poco/lib/libCppUnit.a; sourceTree = "<absolute>"; };
		1B3A1221108EB77900970B27 /* libPocoFoundation.a */ = {isa = PBXFileReference; lastKnownFileType = archive.ar; name = libPocoFoundation.a; path = /Users/vade/Documents/of_preRelease_v0.06_xcode_FAT/libs/poco/lib/libPocoFoundation.a; sourceTree = "<absolute>"; };
		1B3A1222108EB77900970B27 /* libPocoNet.a */ = {isa = PBXFileReference; lastKnownFileType = archive.ar; name = libPocoNet.a; path = /Users/vade/Documents/of_preRelease_v0.06_xcode_FAT/libs/poco/lib/libPocoNet.a; sourceTree = "<absolute>"; };
		1B3A1223108EB77900970B27 /* libPocoUtil.a */ = {isa = PBXFileReference; lastKnownFileType = archive.ar; name = libPocoUtil.a; path = /Users/vade/Documents/of_preRelease_v0.06_xcode_FAT/libs/poco/lib/libPocoUtil.a; sourceTree = "<absolute>"; };
		1B3A1224108EB77900970B27 /* libPocoXML.a */ = {isa = PBXFileReference; lastKnownFileType = archive.ar; name = libPocoXML.a; path = /Users/vade/Documents/of_preRelease_v0.06_xcode_FAT/libs/poco/lib/libPocoXML.a; sourceTree = "<absolute>"; };
		1B3A1233108EB77900970B27 /* rtAudio.a */ = {isa = PBXFileReference; lastKnownFileType = archive.ar; name = rtAudio.a; path = /Users/vade/Documents/of_preRelease_v0.06_xcode_FAT/libs/rtAudio/lib/rtAudio.a; sourceTree = "<absolute>"; };
		1B42714210812F5F00360A9F /* ofAppBaseWindow.h */ = {isa = PBXFileReference; fileEncoding = 4; lastKnownFileType = sourcecode.c.h; path = ofAppBaseWindow.h; sourceTree = "<group>"; };
		1B42714310812F5F00360A9F /* ofAppGlutWindow.cpp */ = {isa = PBXFileReference; fileEncoding = 4; lastKnownFileType = sourcecode.cpp.cpp; path = ofAppGlutWindow.cpp; sourceTree = "<group>"; };
		1B42714410812F5F00360A9F /* ofAppGlutWindow.h */ = {isa = PBXFileReference; fileEncoding = 4; lastKnownFileType = sourcecode.c.h; path = ofAppGlutWindow.h; sourceTree = "<group>"; };
		1B42714510812F5F00360A9F /* ofAppRunner.cpp */ = {isa = PBXFileReference; fileEncoding = 4; lastKnownFileType = sourcecode.cpp.cpp; path = ofAppRunner.cpp; sourceTree = "<group>"; };
		1B42714610812F5F00360A9F /* ofAppRunner.h */ = {isa = PBXFileReference; fileEncoding = 4; lastKnownFileType = sourcecode.c.h; path = ofAppRunner.h; sourceTree = "<group>"; };
		1B42714710812F5F00360A9F /* ofBaseApp.h */ = {isa = PBXFileReference; fileEncoding = 4; lastKnownFileType = sourcecode.c.h; path = ofBaseApp.h; sourceTree = "<group>"; };
		1B42714910812F5F00360A9F /* ofArduino.cpp */ = {isa = PBXFileReference; fileEncoding = 4; lastKnownFileType = sourcecode.cpp.cpp; path = ofArduino.cpp; sourceTree = "<group>"; };
		1B42714A10812F5F00360A9F /* ofArduino.h */ = {isa = PBXFileReference; fileEncoding = 4; lastKnownFileType = sourcecode.c.h; path = ofArduino.h; sourceTree = "<group>"; };
		1B42714B10812F5F00360A9F /* ofSerial.cpp */ = {isa = PBXFileReference; fileEncoding = 4; lastKnownFileType = sourcecode.cpp.cpp; path = ofSerial.cpp; sourceTree = "<group>"; };
		1B42714C10812F5F00360A9F /* ofSerial.h */ = {isa = PBXFileReference; fileEncoding = 4; lastKnownFileType = sourcecode.c.h; path = ofSerial.h; sourceTree = "<group>"; };
		1B42714D10812F5F00360A9F /* ofStandardFirmata.cpp */ = {isa = PBXFileReference; fileEncoding = 4; lastKnownFileType = sourcecode.cpp.cpp; path = ofStandardFirmata.cpp; sourceTree = "<group>"; };
		1B42714E10812F5F00360A9F /* ofStandardFirmata.h */ = {isa = PBXFileReference; fileEncoding = 4; lastKnownFileType = sourcecode.c.h; path = ofStandardFirmata.h; sourceTree = "<group>"; };
		1B42715010812F5F00360A9F /* ofEvents.h */ = {isa = PBXFileReference; fileEncoding = 4; lastKnownFileType = sourcecode.c.h; path = ofEvents.h; sourceTree = "<group>"; };
		1B42715110812F5F00360A9F /* ofEventUtils.h */ = {isa = PBXFileReference; fileEncoding = 4; lastKnownFileType = sourcecode.c.h; path = ofEventUtils.h; sourceTree = "<group>"; };
		1B42715310812F5F00360A9F /* ofBitmapFont.cpp */ = {isa = PBXFileReference; fileEncoding = 4; lastKnownFileType = sourcecode.cpp.cpp; path = ofBitmapFont.cpp; sourceTree = "<group>"; };
		1B42715410812F5F00360A9F /* ofBitmapFont.h */ = {isa = PBXFileReference; fileEncoding = 4; lastKnownFileType = sourcecode.c.h; path = ofBitmapFont.h; sourceTree = "<group>"; };
		1B42715510812F5F00360A9F /* ofGraphics.cpp */ = {isa = PBXFileReference; fileEncoding = 4; lastKnownFileType = sourcecode.cpp.cpp; path = ofGraphics.cpp; sourceTree = "<group>"; };
		1B42715610812F5F00360A9F /* ofGraphics.h */ = {isa = PBXFileReference; fileEncoding = 4; lastKnownFileType = sourcecode.c.h; path = ofGraphics.h; sourceTree = "<group>"; };
		1B42715710812F5F00360A9F /* ofImage.cpp */ = {isa = PBXFileReference; fileEncoding = 4; lastKnownFileType = sourcecode.cpp.cpp; path = ofImage.cpp; sourceTree = "<group>"; };
		1B42715810812F5F00360A9F /* ofImage.h */ = {isa = PBXFileReference; fileEncoding = 4; lastKnownFileType = sourcecode.c.h; path = ofImage.h; sourceTree = "<group>"; };
		1B42715910812F5F00360A9F /* ofTexture.cpp */ = {isa = PBXFileReference; fileEncoding = 4; lastKnownFileType = sourcecode.cpp.cpp; path = ofTexture.cpp; sourceTree = "<group>"; };
		1B42715A10812F5F00360A9F /* ofTexture.h */ = {isa = PBXFileReference; fileEncoding = 4; lastKnownFileType = sourcecode.c.h; path = ofTexture.h; sourceTree = "<group>"; };
		1B42715B10812F5F00360A9F /* ofTrueTypeFont.cpp */ = {isa = PBXFileReference; fileEncoding = 4; lastKnownFileType = sourcecode.cpp.cpp; path = ofTrueTypeFont.cpp; sourceTree = "<group>"; };
		1B42715C10812F5F00360A9F /* ofTrueTypeFont.h */ = {isa = PBXFileReference; fileEncoding = 4; lastKnownFileType = sourcecode.c.h; path = ofTrueTypeFont.h; sourceTree = "<group>"; };
		1B42715D10812F5F00360A9F /* ofMain.h */ = {isa = PBXFileReference; fileEncoding = 4; lastKnownFileType = sourcecode.c.h; path = ofMain.h; sourceTree = "<group>"; };
		1B42715F10812F5F00360A9F /* ofSoundPlayer.cpp */ = {isa = PBXFileReference; fileEncoding = 4; lastKnownFileType = sourcecode.cpp.cpp; path = ofSoundPlayer.cpp; sourceTree = "<group>"; };
		1B42716010812F5F00360A9F /* ofSoundPlayer.h */ = {isa = PBXFileReference; fileEncoding = 4; lastKnownFileType = sourcecode.c.h; path = ofSoundPlayer.h; sourceTree = "<group>"; };
		1B42716110812F5F00360A9F /* ofSoundStream.cpp */ = {isa = PBXFileReference; fileEncoding = 4; lastKnownFileType = sourcecode.cpp.cpp; path = ofSoundStream.cpp; sourceTree = "<group>"; };
		1B42716210812F5F00360A9F /* ofSoundStream.h */ = {isa = PBXFileReference; fileEncoding = 4; lastKnownFileType = sourcecode.c.h; path = ofSoundStream.h; sourceTree = "<group>"; };
		1B42716410812F5F00360A9F /* ofConstants.h */ = {isa = PBXFileReference; fileEncoding = 4; lastKnownFileType = sourcecode.c.h; path = ofConstants.h; sourceTree = "<group>"; };
		1B42716510812F5F00360A9F /* ofMath.cpp */ = {isa = PBXFileReference; fileEncoding = 4; lastKnownFileType = sourcecode.cpp.cpp; path = ofMath.cpp; sourceTree = "<group>"; };
		1B42716610812F5F00360A9F /* ofMath.h */ = {isa = PBXFileReference; fileEncoding = 4; lastKnownFileType = sourcecode.c.h; path = ofMath.h; sourceTree = "<group>"; };
		1B42716710812F5F00360A9F /* ofTypes.h */ = {isa = PBXFileReference; fileEncoding = 4; lastKnownFileType = sourcecode.c.h; path = ofTypes.h; sourceTree = "<group>"; };
		1B42716810812F5F00360A9F /* ofUtils.cpp */ = {isa = PBXFileReference; fileEncoding = 4; lastKnownFileType = sourcecode.cpp.cpp; path = ofUtils.cpp; sourceTree = "<group>"; };
		1B42716910812F5F00360A9F /* ofUtils.h */ = {isa = PBXFileReference; fileEncoding = 4; lastKnownFileType = sourcecode.c.h; path = ofUtils.h; sourceTree = "<group>"; };
		1B42716B10812F5F00360A9F /* ofQtUtils.cpp */ = {isa = PBXFileReference; fileEncoding = 4; lastKnownFileType = sourcecode.cpp.cpp; path = ofQtUtils.cpp; sourceTree = "<group>"; };
		1B42716C10812F5F00360A9F /* ofQtUtils.h */ = {isa = PBXFileReference; fileEncoding = 4; lastKnownFileType = sourcecode.c.h; path = ofQtUtils.h; sourceTree = "<group>"; };
		1B42716D10812F5F00360A9F /* ofUCUtils.cpp */ = {isa = PBXFileReference; fileEncoding = 4; lastKnownFileType = sourcecode.cpp.cpp; path = ofUCUtils.cpp; sourceTree = "<group>"; };
		1B42716E10812F5F00360A9F /* ofUCUtils.h */ = {isa = PBXFileReference; fileEncoding = 4; lastKnownFileType = sourcecode.c.h; path = ofUCUtils.h; sourceTree = "<group>"; };
		1B42716F10812F5F00360A9F /* ofV4LUtils.h */ = {isa = PBXFileReference; fileEncoding = 4; lastKnownFileType = sourcecode.c.h; path = ofV4LUtils.h; sourceTree = "<group>"; };
		1B42717010812F5F00360A9F /* ofVideoGrabber.cpp */ = {isa = PBXFileReference; fileEncoding = 4; lastKnownFileType = sourcecode.cpp.cpp; path = ofVideoGrabber.cpp; sourceTree = "<group>"; };
		1B42717110812F5F00360A9F /* ofVideoGrabber.h */ = {isa = PBXFileReference; fileEncoding = 4; lastKnownFileType = sourcecode.c.h; path = ofVideoGrabber.h; sourceTree = "<group>"; };
		1B42717210812F5F00360A9F /* ofVideoPlayer.cpp */ = {isa = PBXFileReference; fileEncoding = 4; lastKnownFileType = sourcecode.cpp.cpp; path = ofVideoPlayer.cpp; sourceTree = "<group>"; };
		1B42717310812F5F00360A9F /* ofVideoPlayer.h */ = {isa = PBXFileReference; fileEncoding = 4; lastKnownFileType = sourcecode.c.h; path = ofVideoPlayer.h; sourceTree = "<group>"; };
		1B4272FB1081344000360A9F /* AGL.framework */ = {isa = PBXFileReference; lastKnownFileType = wrapper.framework; name = AGL.framework; path = /System/Library/Frameworks/AGL.framework; sourceTree = "<absolute>"; };
		1B4272FC1081344000360A9F /* ApplicationServices.framework */ = {isa = PBXFileReference; lastKnownFileType = wrapper.framework; name = ApplicationServices.framework; path = /System/Library/Frameworks/ApplicationServices.framework; sourceTree = "<absolute>"; };
		1B4272FD1081344000360A9F /* AudioToolbox.framework */ = {isa = PBXFileReference; lastKnownFileType = wrapper.framework; name = AudioToolbox.framework; path = /System/Library/Frameworks/AudioToolbox.framework; sourceTree = "<absolute>"; };
		1B4272FE1081344000360A9F /* Carbon.framework */ = {isa = PBXFileReference; lastKnownFileType = wrapper.framework; name = Carbon.framework; path = /System/Library/Frameworks/Carbon.framework; sourceTree = "<absolute>"; };
		1B4272FF1081344000360A9F /* CoreAudio.framework */ = {isa = PBXFileReference; lastKnownFileType = wrapper.framework; name = CoreAudio.framework; path = /System/Library/Frameworks/CoreAudio.framework; sourceTree = "<absolute>"; };
		1B4273001081344000360A9F /* CoreFoundation.framework */ = {isa = PBXFileReference; lastKnownFileType = wrapper.framework; name = CoreFoundation.framework; path = /System/Library/Frameworks/CoreFoundation.framework; sourceTree = "<absolute>"; };
		1B4273011081344000360A9F /* CoreServices.framework */ = {isa = PBXFileReference; lastKnownFileType = wrapper.framework; name = CoreServices.framework; path = /System/Library/Frameworks/CoreServices.framework; sourceTree = "<absolute>"; };
		1B4273021081344000360A9F /* GLUT.framework */ = {isa = PBXFileReference; lastKnownFileType = wrapper.framework; name = GLUT.framework; path = /System/Library/Frameworks/GLUT.framework; sourceTree = "<absolute>"; };
		1B4273031081344000360A9F /* OpenGL.framework */ = {isa = PBXFileReference; lastKnownFileType = wrapper.framework; name = OpenGL.framework; path = /System/Library/Frameworks/OpenGL.framework; sourceTree = "<absolute>"; };
		1B4273041081344000360A9F /* QuickTime.framework */ = {isa = PBXFileReference; lastKnownFileType = wrapper.framework; name = QuickTime.framework; path = /System/Library/Frameworks/QuickTime.framework; sourceTree = "<absolute>"; };
		1B4276B81081465100360A9F /* Quartz.framework */ = {isa = PBXFileReference; lastKnownFileType = wrapper.framework; name = Quartz.framework; path = System/Library/Frameworks/Quartz.framework; sourceTree = SDKROOT; };
		1B4277D710816F3200360A9F /* testApp.cpp */ = {isa = PBXFileReference; fileEncoding = 4; lastKnownFileType = sourcecode.cpp.cpp; path = testApp.cpp; sourceTree = "<group>"; };
		1B4277D810816F3200360A9F /* testApp.h */ = {isa = PBXFileReference; fileEncoding = 4; lastKnownFileType = sourcecode.c.h; path = testApp.h; sourceTree = "<group>"; };
		1B427AA31081AB5B00360A9F /* ofxQCBaseWindowProxy.h */ = {isa = PBXFileReference; fileEncoding = 4; lastKnownFileType = sourcecode.c.h; path = ofxQCBaseWindowProxy.h; sourceTree = "<group>"; };
		1B427AA41081AB5B00360A9F /* ofxQCBaseWindowProxy.cpp */ = {isa = PBXFileReference; fileEncoding = 4; lastKnownFileType = sourcecode.cpp.cpp; path = ofxQCBaseWindowProxy.cpp; sourceTree = "<group>"; };
		1B427C421082ED8A00360A9F /* ofxQCPlugin.h */ = {isa = PBXFileReference; fileEncoding = 4; lastKnownFileType = sourcecode.c.h; path = ofxQCPlugin.h; sourceTree = "<group>"; };
		1B8CA42210845AAA00C63002 /* tdf_1972_poster.jpg */ = {isa = PBXFileReference; lastKnownFileType = image.jpeg; path = tdf_1972_poster.jpg; sourceTree = "<group>"; };
		1B92EF16108A9820000764D3 /* ofxQCPluginSuperClass.h */ = {isa = PBXFileReference; fileEncoding = 4; lastKnownFileType = sourcecode.c.h; path = ofxQCPluginSuperClass.h; sourceTree = "<group>"; };
		1B92EF17108A9820000764D3 /* ofxQCPluginSuperClass.mm */ = {isa = PBXFileReference; fileEncoding = 4; lastKnownFileType = sourcecode.cpp.objcpp; path = ofxQCPluginSuperClass.mm; sourceTree = "<group>"; };
		1BB1C6F410B9BA7B0024A685 /* ofxQCIOUtilities.h */ = {isa = PBXFileReference; fileEncoding = 4; lastKnownFileType = sourcecode.c.h; path = ofxQCIOUtilities.h; sourceTree = "<group>"; };
		1BB1C6F510B9BA7B0024A685 /* ofxQCIOUtilities.mm */ = {isa = PBXFileReference; fileEncoding = 4; lastKnownFileType = sourcecode.cpp.objcpp; path = ofxQCIOUtilities.mm; sourceTree = "<group>"; };
		8D5B49B6048680CD000E48DA /* QCtoOFImageDemo.plugin */ = {isa = PBXFileReference; explicitFileType = wrapper.cfbundle; includeInIndex = 0; path = QCtoOFImageDemo.plugin; sourceTree = BUILT_PRODUCTS_DIR; };
		8D5B49B7048680CD000E48DA /* Info.plist */ = {isa = PBXFileReference; fileEncoding = 4; lastKnownFileType = text.plist.xml; path = Info.plist; sourceTree = "<group>"; };
/* End PBXFileReference section */

/* Begin PBXFrameworksBuildPhase section */
		1B427698108145E400360A9F /* Frameworks */ = {
			isa = PBXFrameworksBuildPhase;
			buildActionMask = 2147483647;
			files = (
				1B4277E81081703400360A9F /* Cocoa.framework in Frameworks */,
				1B42769B108145FD00360A9F /* AGL.framework in Frameworks */,
				1B42769C108145FD00360A9F /* ApplicationServices.framework in Frameworks */,
				1B42769D108145FD00360A9F /* AudioToolbox.framework in Frameworks */,
				1B42769E108145FD00360A9F /* Carbon.framework in Frameworks */,
				1B42769F108145FD00360A9F /* CoreAudio.framework in Frameworks */,
				1B4276A0108145FD00360A9F /* CoreFoundation.framework in Frameworks */,
				1B4276A1108145FD00360A9F /* CoreServices.framework in Frameworks */,
				1B4276A2108145FD00360A9F /* GLUT.framework in Frameworks */,
				1B4276A3108145FD00360A9F /* OpenGL.framework in Frameworks */,
				1B4276A4108145FD00360A9F /* QuickTime.framework in Frameworks */,
				1B4276B91081465100360A9F /* Quartz.framework in Frameworks */,
				1B3A1234108EB77900970B27 /* libfmodex.dylib in Frameworks */,
				1B3A1235108EB77900970B27 /* freeimage.a in Frameworks */,
				1B3A1236108EB77900970B27 /* freetype.a in Frameworks */,
				1B3A1237108EB77900970B27 /* GLee.a in Frameworks */,
				1B3A124A108EB77900970B27 /* libCppUnit.a in Frameworks */,
				1B3A124B108EB77900970B27 /* libPocoFoundation.a in Frameworks */,
				1B3A124C108EB77900970B27 /* libPocoNet.a in Frameworks */,
				1B3A124D108EB77900970B27 /* libPocoUtil.a in Frameworks */,
				1B3A124E108EB77900970B27 /* libPocoXML.a in Frameworks */,
				1B3A124F108EB77900970B27 /* rtAudio.a in Frameworks */,
			);
			runOnlyForDeploymentPostprocessing = 0;
		};
/* End PBXFrameworksBuildPhase section */

/* Begin PBXGroup section */
		089C166AFE841209C02AAC07 /* Quartz Composer Plug In */ = {
			isa = PBXGroup;
			children = (
				1B42714010812F5F00360A9F /* openFrameworks */,
				1B4272721081343F00360A9F /* libs */,
				1B92F073108C175C000764D3 /* addons */,
				08FB77AFFE84173DC02AAC07 /* Classes */,
				32C88E010371C26100C91783 /* Other Sources */,
				089C167CFE841241C02AAC07 /* Resources */,
				089C1671FE841209C02AAC07 /* Frameworks */,
				19C28FB8FE9D52D311CA2CBB /* Products */,
			);
			name = "Quartz Composer Plug In";
			sourceTree = "<group>";
		};
		089C1671FE841209C02AAC07 /* Frameworks */ = {
			isa = PBXGroup;
			children = (
				1B4276B81081465100360A9F /* Quartz.framework */,
				1058C7ADFEA557BF11CA2CBB /* Cocoa.framework */,
			);
			name = Frameworks;
			sourceTree = "<group>";
		};
		089C167CFE841241C02AAC07 /* Resources */ = {
			isa = PBXGroup;
			children = (
				1B8CA42210845AAA00C63002 /* tdf_1972_poster.jpg */,
				8D5B49B7048680CD000E48DA /* Info.plist */,
			);
			name = Resources;
			sourceTree = "<group>";
		};
		08FB77AFFE84173DC02AAC07 /* Classes */ = {
			isa = PBXGroup;
			children = (
				1B4277D710816F3200360A9F /* testApp.cpp */,
				1B4277D810816F3200360A9F /* testApp.h */,
				16BA95400A7EB2EB001E4983 /* QCtoOFImageDemoPlugin.h */,
				16BA95410A7EB2EB001E4983 /* QCtoOFImageDemoPlugin.mm */,
			);
			name = Classes;
			sourceTree = "<group>";
		};
		19C28FB8FE9D52D311CA2CBB /* Products */ = {
			isa = PBXGroup;
			children = (
				8D5B49B6048680CD000E48DA /* QCtoOFImageDemo.plugin */,
			);
			name = Products;
			sourceTree = "<group>";
		};
		1B3A0F8C108EB77800970B27 /* libs */ = {
			isa = PBXGroup;
			children = (
				1B3A0F8D108EB77800970B27 /* fmodex */,
				1B3A0F97108EB77800970B27 /* freeimage */,
				1B3A0F9C108EB77800970B27 /* freetype */,
				1B3A0FF7108EB77800970B27 /* GLee */,
				1B3A1030108EB77900970B27 /* poco */,
				1B3A1225108EB77900970B27 /* rtAudio */,
			);
			name = libs;
			path = /Users/vade/Documents/of_preRelease_v0.06_xcode_FAT/libs;
			sourceTree = "<absolute>";
		};
		1B3A0F8D108EB77800970B27 /* fmodex */ = {
			isa = PBXGroup;
			children = (
				1B3A0F95108EB77800970B27 /* lib */,
			);
			name = fmodex;
			path = /Users/vade/Documents/of_preRelease_v0.06_xcode_FAT/libs/fmodex;
			sourceTree = "<absolute>";
		};
		1B3A0F95108EB77800970B27 /* lib */ = {
			isa = PBXGroup;
			children = (
				1B3A0F96108EB77800970B27 /* libfmodex.dylib */,
			);
			name = lib;
			path = /Users/vade/Documents/of_preRelease_v0.06_xcode_FAT/libs/fmodex/lib;
			sourceTree = "<absolute>";
		};
		1B3A0F97108EB77800970B27 /* freeimage */ = {
			isa = PBXGroup;
			children = (
				1B3A0F9A108EB77800970B27 /* lib */,
			);
			name = freeimage;
			path = /Users/vade/Documents/of_preRelease_v0.06_xcode_FAT/libs/freeimage;
			sourceTree = "<absolute>";
		};
		1B3A0F9A108EB77800970B27 /* lib */ = {
			isa = PBXGroup;
			children = (
				1B3A0F9B108EB77800970B27 /* freeimage.a */,
			);
			name = lib;
			path = /Users/vade/Documents/of_preRelease_v0.06_xcode_FAT/libs/freeimage/lib;
			sourceTree = "<absolute>";
		};
		1B3A0F9C108EB77800970B27 /* freetype */ = {
			isa = PBXGroup;
			children = (
				1B3A0FF5108EB77800970B27 /* lib */,
			);
			name = freetype;
			path = /Users/vade/Documents/of_preRelease_v0.06_xcode_FAT/libs/freetype;
			sourceTree = "<absolute>";
		};
		1B3A0FF5108EB77800970B27 /* lib */ = {
			isa = PBXGroup;
			children = (
				1B3A0FF6108EB77800970B27 /* freetype.a */,
			);
			name = lib;
			path = /Users/vade/Documents/of_preRelease_v0.06_xcode_FAT/libs/freetype/lib;
			sourceTree = "<absolute>";
		};
		1B3A0FF7108EB77800970B27 /* GLee */ = {
			isa = PBXGroup;
			children = (
				1B3A0FFA108EB77800970B27 /* lib */,
			);
			name = GLee;
			path = /Users/vade/Documents/of_preRelease_v0.06_xcode_FAT/libs/GLee;
			sourceTree = "<absolute>";
		};
		1B3A0FFA108EB77800970B27 /* lib */ = {
			isa = PBXGroup;
			children = (
				1B3A0FFB108EB77800970B27 /* GLee.a */,
			);
			name = lib;
			path = /Users/vade/Documents/of_preRelease_v0.06_xcode_FAT/libs/GLee/lib;
			sourceTree = "<absolute>";
		};
		1B3A1030108EB77900970B27 /* poco */ = {
			isa = PBXGroup;
			children = (
				1B3A121E108EB77900970B27 /* install.txt */,
				1B3A121F108EB77900970B27 /* lib */,
			);
			name = poco;
			path = /Users/vade/Documents/of_preRelease_v0.06_xcode_FAT/libs/poco;
			sourceTree = "<absolute>";
		};
		1B3A121F108EB77900970B27 /* lib */ = {
			isa = PBXGroup;
			children = (
				1B3A1220108EB77900970B27 /* libCppUnit.a */,
				1B3A1221108EB77900970B27 /* libPocoFoundation.a */,
				1B3A1222108EB77900970B27 /* libPocoNet.a */,
				1B3A1223108EB77900970B27 /* libPocoUtil.a */,
				1B3A1224108EB77900970B27 /* libPocoXML.a */,
			);
			name = lib;
			path = /Users/vade/Documents/of_preRelease_v0.06_xcode_FAT/libs/poco/lib;
			sourceTree = "<absolute>";
		};
		1B3A1225108EB77900970B27 /* rtAudio */ = {
			isa = PBXGroup;
			children = (
				1B3A1232108EB77900970B27 /* lib */,
			);
			name = rtAudio;
			path = /Users/vade/Documents/of_preRelease_v0.06_xcode_FAT/libs/rtAudio;
			sourceTree = "<absolute>";
		};
		1B3A1232108EB77900970B27 /* lib */ = {
			isa = PBXGroup;
			children = (
				1B3A1233108EB77900970B27 /* rtAudio.a */,
			);
			name = lib;
			path = /Users/vade/Documents/of_preRelease_v0.06_xcode_FAT/libs/rtAudio/lib;
			sourceTree = "<absolute>";
		};
		1B42714010812F5F00360A9F /* openFrameworks */ = {
			isa = PBXGroup;
			children = (
				1B42714110812F5F00360A9F /* app */,
				1B42714810812F5F00360A9F /* communication */,
				1B42714F10812F5F00360A9F /* events */,
				1B42715210812F5F00360A9F /* graphics */,
				1B42715D10812F5F00360A9F /* ofMain.h */,
				1B42715E10812F5F00360A9F /* sound */,
				1B42716310812F5F00360A9F /* utils */,
				1B42716A10812F5F00360A9F /* video */,
			);
			name = openFrameworks;
			path = /Users/vade/Documents/of_preRelease_v0.06_xcode_FAT/libs/openFrameworks;
			sourceTree = "<absolute>";
		};
		1B42714110812F5F00360A9F /* app */ = {
			isa = PBXGroup;
			children = (
				1B42714210812F5F00360A9F /* ofAppBaseWindow.h */,
				1B42714310812F5F00360A9F /* ofAppGlutWindow.cpp */,
				1B42714410812F5F00360A9F /* ofAppGlutWindow.h */,
				1B42714510812F5F00360A9F /* ofAppRunner.cpp */,
				1B42714610812F5F00360A9F /* ofAppRunner.h */,
				1B42714710812F5F00360A9F /* ofBaseApp.h */,
			);
			path = app;
			sourceTree = "<group>";
		};
		1B42714810812F5F00360A9F /* communication */ = {
			isa = PBXGroup;
			children = (
				1B42714910812F5F00360A9F /* ofArduino.cpp */,
				1B42714A10812F5F00360A9F /* ofArduino.h */,
				1B42714B10812F5F00360A9F /* ofSerial.cpp */,
				1B42714C10812F5F00360A9F /* ofSerial.h */,
				1B42714D10812F5F00360A9F /* ofStandardFirmata.cpp */,
				1B42714E10812F5F00360A9F /* ofStandardFirmata.h */,
			);
			path = communication;
			sourceTree = "<group>";
		};
		1B42714F10812F5F00360A9F /* events */ = {
			isa = PBXGroup;
			children = (
				1B42715010812F5F00360A9F /* ofEvents.h */,
				1B42715110812F5F00360A9F /* ofEventUtils.h */,
			);
			path = events;
			sourceTree = "<group>";
		};
		1B42715210812F5F00360A9F /* graphics */ = {
			isa = PBXGroup;
			children = (
				1B42715310812F5F00360A9F /* ofBitmapFont.cpp */,
				1B42715410812F5F00360A9F /* ofBitmapFont.h */,
				1B42715510812F5F00360A9F /* ofGraphics.cpp */,
				1B42715610812F5F00360A9F /* ofGraphics.h */,
				1B42715710812F5F00360A9F /* ofImage.cpp */,
				1B42715810812F5F00360A9F /* ofImage.h */,
				1B42715910812F5F00360A9F /* ofTexture.cpp */,
				1B42715A10812F5F00360A9F /* ofTexture.h */,
				1B42715B10812F5F00360A9F /* ofTrueTypeFont.cpp */,
				1B42715C10812F5F00360A9F /* ofTrueTypeFont.h */,
			);
			path = graphics;
			sourceTree = "<group>";
		};
		1B42715E10812F5F00360A9F /* sound */ = {
			isa = PBXGroup;
			children = (
				1B42715F10812F5F00360A9F /* ofSoundPlayer.cpp */,
				1B42716010812F5F00360A9F /* ofSoundPlayer.h */,
				1B42716110812F5F00360A9F /* ofSoundStream.cpp */,
				1B42716210812F5F00360A9F /* ofSoundStream.h */,
			);
			path = sound;
			sourceTree = "<group>";
		};
		1B42716310812F5F00360A9F /* utils */ = {
			isa = PBXGroup;
			children = (
				1B42716410812F5F00360A9F /* ofConstants.h */,
				1B42716510812F5F00360A9F /* ofMath.cpp */,
				1B42716610812F5F00360A9F /* ofMath.h */,
				1B42716710812F5F00360A9F /* ofTypes.h */,
				1B42716810812F5F00360A9F /* ofUtils.cpp */,
				1B42716910812F5F00360A9F /* ofUtils.h */,
			);
			path = utils;
			sourceTree = "<group>";
		};
		1B42716A10812F5F00360A9F /* video */ = {
			isa = PBXGroup;
			children = (
				1B42716B10812F5F00360A9F /* ofQtUtils.cpp */,
				1B42716C10812F5F00360A9F /* ofQtUtils.h */,
				1B42716D10812F5F00360A9F /* ofUCUtils.cpp */,
				1B42716E10812F5F00360A9F /* ofUCUtils.h */,
				1B42716F10812F5F00360A9F /* ofV4LUtils.h */,
				1B42717010812F5F00360A9F /* ofVideoGrabber.cpp */,
				1B42717110812F5F00360A9F /* ofVideoGrabber.h */,
				1B42717210812F5F00360A9F /* ofVideoPlayer.cpp */,
				1B42717310812F5F00360A9F /* ofVideoPlayer.h */,
			);
			path = video;
			sourceTree = "<group>";
		};
		1B4272721081343F00360A9F /* libs */ = {
			isa = PBXGroup;
			children = (
				1B4272731081343F00360A9F /* core */,
			);
			name = libs;
			sourceTree = "<group>";
		};
		1B4272731081343F00360A9F /* core */ = {
			isa = PBXGroup;
			children = (
				1B3A0F8C108EB77800970B27 /* libs */,
				1B4272FA1081344000360A9F /* core frameworks */,
			);
			name = core;
			sourceTree = "<group>";
		};
		1B4272FA1081344000360A9F /* core frameworks */ = {
			isa = PBXGroup;
			children = (
				1B4272FB1081344000360A9F /* AGL.framework */,
				1B4272FC1081344000360A9F /* ApplicationServices.framework */,
				1B4272FD1081344000360A9F /* AudioToolbox.framework */,
				1B4272FE1081344000360A9F /* Carbon.framework */,
				1B4272FF1081344000360A9F /* CoreAudio.framework */,
				1B4273001081344000360A9F /* CoreFoundation.framework */,
				1B4273011081344000360A9F /* CoreServices.framework */,
				1B4273021081344000360A9F /* GLUT.framework */,
				1B4273031081344000360A9F /* OpenGL.framework */,
				1B4273041081344000360A9F /* QuickTime.framework */,
			);
			name = "core frameworks";
			sourceTree = "<group>";
		};
		1B427C3C1082CBD600360A9F /* ofxQCPlugin */ = {
			isa = PBXGroup;
			children = (
				1B427C421082ED8A00360A9F /* ofxQCPlugin.h */,
				1B427AA31081AB5B00360A9F /* ofxQCBaseWindowProxy.h */,
				1BB1C6F410B9BA7B0024A685 /* ofxQCIOUtilities.h */,
				1BB1C6F510B9BA7B0024A685 /* ofxQCIOUtilities.mm */,
				1B427AA41081AB5B00360A9F /* ofxQCBaseWindowProxy.cpp */,
				1B92EF16108A9820000764D3 /* ofxQCPluginSuperClass.h */,
				1B92EF17108A9820000764D3 /* ofxQCPluginSuperClass.mm */,
			);
			name = ofxQCPlugin;
			path = ../../ofxQCPlugin;
			sourceTree = "<group>";
		};
		1B92F073108C175C000764D3 /* addons */ = {
			isa = PBXGroup;
			children = (
				1B427C3C1082CBD600360A9F /* ofxQCPlugin */,
			);
			name = addons;
			sourceTree = "<group>";
		};
		32C88E010371C26100C91783 /* Other Sources */ = {
			isa = PBXGroup;
			children = (
				16AA5C440A7EEE7300888E31 /* QCtoOFImageDemoPlugin.pch */,
			);
			name = "Other Sources";
			sourceTree = "<group>";
		};
/* End PBXGroup section */

/* Begin PBXNativeTarget section */
		8D5B49AC048680CD000E48DA /* QCtoOFImageDemo */ = {
			isa = PBXNativeTarget;
			buildConfigurationList = 1DEB913A08733D840010E9CD /* Build configuration list for PBXNativeTarget "QCtoOFImageDemo" */;
			buildPhases = (
				8D5B49B1048680CD000E48DA /* Sources */,
				1B427698108145E400360A9F /* Frameworks */,
				1B427870108186A700360A9F /* Copy Library */,
				1B8CA42110845A9C00C63002 /* Data */,
				1B4273EE10813E0300360A9F /* ShellScript */,
			);
			buildRules = (
			);
			dependencies = (
			);
			name = QCtoOFImageDemo;
			productInstallPath = "$(HOME)/Library/Bundles";
			productName = "Quartz Composer Plug In";
			productReference = 8D5B49B6048680CD000E48DA /* QCtoOFImageDemo.plugin */;
			productType = "com.apple.product-type.bundle";
		};
/* End PBXNativeTarget section */

/* Begin PBXProject section */
		089C1669FE841209C02AAC07 /* Project object */ = {
			isa = PBXProject;
			buildConfigurationList = 1DEB913E08733D840010E9CD /* Build configuration list for PBXProject "QCtoOFImageDemo" */;
			compatibilityVersion = "Xcode 3.1";
			hasScannedForEncodings = 1;
			mainGroup = 089C166AFE841209C02AAC07 /* Quartz Composer Plug In */;
			projectDirPath = "";
			projectRoot = "";
			targets = (
				8D5B49AC048680CD000E48DA /* QCtoOFImageDemo */,
				233E2C640A83C768005A62DF /* Build & Copy */,
			);
		};
/* End PBXProject section */

/* Begin PBXShellScriptBuildPhase section */
		1B4273EE10813E0300360A9F /* ShellScript */ = {
			isa = PBXShellScriptBuildPhase;
			buildActionMask = 2147483647;
			files = (
			);
			inputPaths = (
			);
			outputPaths = (
			);
			runOnlyForDeploymentPostprocessing = 0;
			shellPath = /bin/sh;
			shellScript = "#cp -f ../../../libs/fmodex/lib/libfmodex.dylib \"$TARGET_BUILD_DIR/$PRODUCT_NAME.plugin/Contents/Frameworks/libfmodex.dylib\"\nmkdir -p \"$TARGET_BUILD_DIR/$PRODUCT_NAME.plugin/Contents/Resources/Data\"\ninstall_name_tool -change ./libfmodex.dylib @loader_path/../Frameworks/libfmodex.dylib \"$TARGET_BUILD_DIR/$PRODUCT_NAME.plugin/Contents/MacOS/$PRODUCT_NAME\" ";
		};
		233E2C690A83C783005A62DF /* ShellScript */ = {
			isa = PBXShellScriptBuildPhase;
			buildActionMask = 2147483647;
			files = (
			);
			inputPaths = (
			);
			outputPaths = (
			);
			runOnlyForDeploymentPostprocessing = 0;
			shellPath = /bin/sh;
			shellScript = "# This shell script simply copies the built plug-in to \"~/Library/Graphics/Quartz Composer Plug-Ins\" and overrides any previous version at that location\n\nmkdir -p \"$USER_LIBRARY_DIR/Graphics/Quartz Composer Plug-Ins\"\nrm -rf \"$USER_LIBRARY_DIR/Graphics/Quartz Composer Plug-Ins/QCtoOFImageDemo.plugin\"\ncp -rf \"$BUILT_PRODUCTS_DIR/QCtoOFImageDemo.plugin\" \"$USER_LIBRARY_DIR/Graphics/Quartz Composer Plug-Ins/\"\n";
		};
/* End PBXShellScriptBuildPhase section */

/* Begin PBXSourcesBuildPhase section */
		8D5B49B1048680CD000E48DA /* Sources */ = {
			isa = PBXSourcesBuildPhase;
			buildActionMask = 2147483647;
			files = (
				16BA95420A7EB2EB001E4983 /* QCtoOFImageDemoPlugin.mm in Sources */,
				1B42717410812F5F00360A9F /* ofAppGlutWindow.cpp in Sources */,
				1B42717510812F5F00360A9F /* ofAppRunner.cpp in Sources */,
				1B42717610812F5F00360A9F /* ofArduino.cpp in Sources */,
				1B42717710812F5F00360A9F /* ofSerial.cpp in Sources */,
				1B42717810812F5F00360A9F /* ofStandardFirmata.cpp in Sources */,
				1B42717910812F5F00360A9F /* ofBitmapFont.cpp in Sources */,
				1B42717A10812F5F00360A9F /* ofGraphics.cpp in Sources */,
				1B42717B10812F5F00360A9F /* ofImage.cpp in Sources */,
				1B42717C10812F5F00360A9F /* ofTexture.cpp in Sources */,
				1B42717D10812F5F00360A9F /* ofTrueTypeFont.cpp in Sources */,
				1B42717E10812F5F00360A9F /* ofSoundPlayer.cpp in Sources */,
				1B42717F10812F5F00360A9F /* ofSoundStream.cpp in Sources */,
				1B42718010812F5F00360A9F /* ofMath.cpp in Sources */,
				1B42718110812F5F00360A9F /* ofUtils.cpp in Sources */,
				1B42718210812F5F00360A9F /* ofQtUtils.cpp in Sources */,
				1B42718310812F5F00360A9F /* ofUCUtils.cpp in Sources */,
				1B42718410812F5F00360A9F /* ofVideoGrabber.cpp in Sources */,
				1B42718510812F5F00360A9F /* ofVideoPlayer.cpp in Sources */,
				1B4277D910816F3200360A9F /* testApp.cpp in Sources */,
				1B427AA51081AB5B00360A9F /* ofxQCBaseWindowProxy.cpp in Sources */,
				1BB1C6F610B9BA7B0024A685 /* ofxQCIOUtilities.mm in Sources */,
			);
			runOnlyForDeploymentPostprocessing = 0;
		};
/* End PBXSourcesBuildPhase section */

/* Begin PBXTargetDependency section */
		233E2C660A83C76D005A62DF /* PBXTargetDependency */ = {
			isa = PBXTargetDependency;
			target = 8D5B49AC048680CD000E48DA /* QCtoOFImageDemo */;
			targetProxy = 233E2C650A83C76D005A62DF /* PBXContainerItemProxy */;
		};
/* End PBXTargetDependency section */

/* Begin XCBuildConfiguration section */
		1DEB913B08733D840010E9CD /* Debug */ = {
			isa = XCBuildConfiguration;
			buildSettings = {
				ARCHS = "$(ARCHS_STANDARD_32_BIT)";
				COPY_PHASE_STRIP = NO;
				DEAD_CODE_STRIPPING = YES;
				GCC_C_LANGUAGE_STANDARD = "compiler-default";
				GCC_DYNAMIC_NO_PIC = NO;
				GCC_ENABLE_FIX_AND_CONTINUE = YES;
				GCC_ENABLE_OBJC_GC = unsupported;
				GCC_MODEL_TUNING = G5;
				GCC_OPTIMIZATION_LEVEL = 0;
				GCC_PRECOMPILE_PREFIX_HEADER = YES;
				GCC_PREFIX_HEADER = QCtoOFImageDemoPlugin.pch;
				GCC_WARN_ABOUT_DEPRECATED_FUNCTIONS = NO;
				GCC_WARN_ABOUT_INVALID_OFFSETOF_MACRO = NO;
				GCC_WARN_ABOUT_RETURN_TYPE = NO;
				GCC_WARN_ALLOW_INCOMPLETE_PROTOCOL = NO;
				GCC_WARN_UNUSED_VARIABLE = NO;
				HEADER_SEARCH_PATHS = (
					"$(inherited)",
					"$(LIBRARY_SEARCH_PATHS_QUOTED_FOR_TARGET_1)/include/",
					"$(LIBRARY_SEARCH_PATHS_QUOTED_FOR_TARGET_2)/inc/",
					"$(LIBRARY_SEARCH_PATHS_QUOTED_FOR_TARGET_3)/include//**",
					"$(LIBRARY_SEARCH_PATHS_QUOTED_FOR_TARGET_4)/include/",
					"$(LIBRARY_SEARCH_PATHS_QUOTED_FOR_TARGET_5)/include/",
					"$(LIBRARY_SEARCH_PATHS_QUOTED_FOR_TARGET_6)/include/",
					"$(LIBRARY_SEARCH_PATHS_QUOTED_FOR_TARGET_7)",
					"$(LIBRARY_SEARCH_PATHS_QUOTED_FOR_TARGET_8)",
					"$(LIBRARY_SEARCH_PATHS_QUOTED_FOR_TARGET_9)",
					"$(LIBRARY_SEARCH_PATHS_QUOTED_FOR_TARGET_10)",
					"$(LIBRARY_SEARCH_PATHS_QUOTED_FOR_TARGET_11)",
					"$(LIBRARY_SEARCH_PATHS_QUOTED_FOR_TARGET_12)",
				);
				INFOPLIST_FILE = Info.plist;
				INSTALL_PATH = "$(HOME)/Library/Graphics/Quartz Composer Plug-Ins";
				LIBRARY_SEARCH_PATHS = (
					"$(inherited)",
					"$(LIBRARY_SEARCH_PATHS_QUOTED_FOR_TARGET_1)/lib/",
					"$(LIBRARY_SEARCH_PATHS_QUOTED_FOR_TARGET_2)/lib/",
					"$(LIBRARY_SEARCH_PATHS_QUOTED_FOR_TARGET_3)/lib/",
					"$(LIBRARY_SEARCH_PATHS_QUOTED_FOR_TARGET_4)/lib/",
					"$(LIBRARY_SEARCH_PATHS_QUOTED_FOR_TARGET_5)/lib/",
					"$(LIBRARY_SEARCH_PATHS_QUOTED_FOR_TARGET_6)/lib/",
					"$(LIBRARY_SEARCH_PATHS_QUOTED_FOR_TARGET_7)",
					"$(LIBRARY_SEARCH_PATHS_QUOTED_FOR_TARGET_8)",
					"$(LIBRARY_SEARCH_PATHS_QUOTED_FOR_TARGET_9)",
					"$(LIBRARY_SEARCH_PATHS_QUOTED_FOR_TARGET_10)",
					"$(LIBRARY_SEARCH_PATHS_QUOTED_FOR_TARGET_11)",
					"$(LIBRARY_SEARCH_PATHS_QUOTED_FOR_TARGET_12)",
					/Users/vade/Documents/of_preRelease_v0.06_xcode_FAT/libs/fmodex/lib,
					/Users/vade/Documents/of_preRelease_v0.06_xcode_FAT/libs/freeimage/lib,
					/Users/vade/Documents/of_preRelease_v0.06_xcode_FAT/libs/freetype/lib,
					/Users/vade/Documents/of_preRelease_v0.06_xcode_FAT/libs/GLee/lib,
					/Users/vade/Documents/of_preRelease_v0.06_xcode_FAT/libs/poco/lib,
					/Users/vade/Documents/of_preRelease_v0.06_xcode_FAT/libs/rtAudio/lib,
				);
				LIBRARY_SEARCH_PATHS_QUOTED_FOR_TARGET_1 = "\"$(OpenFrameWorksPath)/libs/freeimage/\"";
				LIBRARY_SEARCH_PATHS_QUOTED_FOR_TARGET_2 = "\"$(OpenFrameWorksPath)/libs/fmodex/\"";
				LIBRARY_SEARCH_PATHS_QUOTED_FOR_TARGET_3 = "\"$(OpenFrameWorksPath)/libs/freetype/\"";
				LIBRARY_SEARCH_PATHS_QUOTED_FOR_TARGET_4 = "\"$(OpenFrameWorksPath)/libs/GLee/\"";
				LIBRARY_SEARCH_PATHS_QUOTED_FOR_TARGET_5 = "\"$(OpenFrameWorksPath)/libs/poco/\"";
				LIBRARY_SEARCH_PATHS_QUOTED_FOR_TARGET_6 = "\"$(OpenFrameWorksPath)/libs/rtAudio/\"";
				MACOSX_DEPLOYMENT_TARGET = 10.5;
				ONLY_ACTIVE_ARCH = NO;
				OTHER_CPLUSPLUSFLAGS = (
					"-D__MACOSX_CORE__",
					"-lpthread",
				);
				OpenFrameWorksPath = /Users/vade/Documents/of_preRelease_v0.06_xcode_FAT;
				PREBINDING = NO;
				PRODUCT_NAME = QCtoOFImageDemo;
				SDKROOT = macosx10.5;
				STRIP_STYLE = all;
				WRAPPER_EXTENSION = plugin;
				ZERO_LINK = NO;
			};
			name = Debug;
		};
		1DEB913C08733D840010E9CD /* Release */ = {
			isa = XCBuildConfiguration;
			buildSettings = {
				ARCHS = "$(ARCHS_STANDARD_32_64_BIT)";
				DEBUG_INFORMATION_FORMAT = "dwarf-with-dsym";
				GCC_C_LANGUAGE_STANDARD = "compiler-default";
				GCC_ENABLE_FIX_AND_CONTINUE = YES;
				GCC_ENABLE_OBJC_GC = unsupported;
				GCC_INLINES_ARE_PRIVATE_EXTERN = NO;
				GCC_MODEL_TUNING = G5;
				GCC_OPTIMIZATION_LEVEL = 0;
				GCC_PRECOMPILE_PREFIX_HEADER = YES;
				GCC_PREFIX_HEADER = "QC Plugin Test_Prefix.pch";
				GCC_WARN_ABOUT_DEPRECATED_FUNCTIONS = NO;
				GCC_WARN_ABOUT_INVALID_OFFSETOF_MACRO = NO;
				GCC_WARN_UNUSED_VARIABLE = NO;
				HEADER_SEARCH_PATHS = "$(OpenFrameWorksPath)/libs/poco/include";
				INFOPLIST_FILE = Info.plist;
				INSTALL_PATH = "$(HOME)/Library/Graphics/Quartz Composer Plug-Ins";
				LIBRARY_SEARCH_PATHS = (
					"$(inherited)",
					"$(LIBRARY_SEARCH_PATHS_QUOTED_FOR_TARGET_1)",
					"$(LIBRARY_SEARCH_PATHS_QUOTED_FOR_TARGET_2)",
					"$(LIBRARY_SEARCH_PATHS_QUOTED_FOR_TARGET_3)",
					"$(LIBRARY_SEARCH_PATHS_QUOTED_FOR_TARGET_4)",
					"$(LIBRARY_SEARCH_PATHS_QUOTED_FOR_TARGET_5)",
					"$(LIBRARY_SEARCH_PATHS_QUOTED_FOR_TARGET_6)",
					"$(LIBRARY_SEARCH_PATHS_QUOTED_FOR_TARGET_7)",
					"$(LIBRARY_SEARCH_PATHS_QUOTED_FOR_TARGET_8)",
					"$(LIBRARY_SEARCH_PATHS_QUOTED_FOR_TARGET_9)",
					"$(LIBRARY_SEARCH_PATHS_QUOTED_FOR_TARGET_10)",
					"$(LIBRARY_SEARCH_PATHS_QUOTED_FOR_TARGET_11)",
					"$(LIBRARY_SEARCH_PATHS_QUOTED_FOR_TARGET_12)",
					"\"$(SRCROOT)/../../../libs/poco/lib\"",
					"\"$(SRCROOT)/../../../libs/rtAudio/lib\"",
					"\"$(SRCROOT)/../../../libs/GLee/lib\"",
					"\"$(SRCROOT)/../../../libs/freetype/lib\"",
					"\"$(SRCROOT)/../../../libs/fmodex/lib\"",
					"\"$(SRCROOT)/../../../libs/freeimage/lib\"",
					/Users/vade/Documents/of_preRelease_v0.06_xcode_FAT/libs/fmodex/lib,
					/Users/vade/Documents/of_preRelease_v0.06_xcode_FAT/libs/freeimage/lib,
					/Users/vade/Documents/of_preRelease_v0.06_xcode_FAT/libs/freetype/lib,
					/Users/vade/Documents/of_preRelease_v0.06_xcode_FAT/libs/GLee/lib,
					/Users/vade/Documents/of_preRelease_v0.06_xcode_FAT/libs/poco/lib,
					/Users/vade/Documents/of_preRelease_v0.06_xcode_FAT/libs/rtAudio/lib,
				);
				LIBRARY_SEARCH_PATHS_QUOTED_FOR_TARGET_1 = "\"$(OpenFrameWorksPath)/libs/freeimage/lib\"";
				LIBRARY_SEARCH_PATHS_QUOTED_FOR_TARGET_2 = "\"$(OpenFrameWorksPath)/libs/fmodex/lib\"";
				LIBRARY_SEARCH_PATHS_QUOTED_FOR_TARGET_3 = "\"$(OpenFrameWorksPath)/libs/freetype/lib\"";
				LIBRARY_SEARCH_PATHS_QUOTED_FOR_TARGET_4 = "\"$(OpenFrameWorksPath)/libs/GLee/lib\"";
				LIBRARY_SEARCH_PATHS_QUOTED_FOR_TARGET_5 = "\"$(OpenFrameWorksPath)/libs/poco/lib\"";
				LIBRARY_SEARCH_PATHS_QUOTED_FOR_TARGET_6 = "\"$(OpenFrameWorksPath)/libs/rtAudio/lib\"";
				OTHER_CPLUSPLUSFLAGS = (
					"-D__MACOSX_CORE__",
					"-lpthread",
				);
				OpenFrameWorksPath = /Users/vade/Documents/of_preRelease_v0.06_xcode_FAT;
				PRODUCT_NAME = QCtoOFImageDemo;
				SDKROOT = macosx10.6;
				WRAPPER_EXTENSION = plugin;
			};
			name = Release;
		};
		1DEB913F08733D840010E9CD /* Debug */ = {
			isa = XCBuildConfiguration;
			buildSettings = {
				ARCHS = "$(ARCHS_STANDARD_32_64_BIT)";
				GCC_C_LANGUAGE_STANDARD = gnu99;
				GCC_WARN_ABOUT_RETURN_TYPE = YES;
				GCC_WARN_UNUSED_VARIABLE = YES;
				MACOSX_DEPLOYMENT_TARGET = 10.6;
				ONLY_ACTIVE_ARCH = YES;
				SDKROOT = macosx10.6;
			};
			name = Debug;
		};
		1DEB914008733D840010E9CD /* Release */ = {
			isa = XCBuildConfiguration;
			buildSettings = {
				ARCHS = "$(ARCHS_STANDARD_32_64_BIT)";
				GCC_C_LANGUAGE_STANDARD = gnu99;
				GCC_WARN_ABOUT_RETURN_TYPE = YES;
				GCC_WARN_UNUSED_VARIABLE = YES;
				MACOSX_DEPLOYMENT_TARGET = 10.6;
				SDKROOT = macosx10.6;
			};
			name = Release;
		};
		233E2D8A0A83C7AC005A62DF /* Debug */ = {
			isa = XCBuildConfiguration;
			buildSettings = {
				PRODUCT_NAME = "Build & Install";
			};
			name = Debug;
		};
		233E2D8B0A83C7AC005A62DF /* Release */ = {
			isa = XCBuildConfiguration;
			buildSettings = {
				PRODUCT_NAME = "Build & Install";
			};
			name = Release;
		};
/* End XCBuildConfiguration section */

/* Begin XCConfigurationList section */
		1DEB913A08733D840010E9CD /* Build configuration list for PBXNativeTarget "QCtoOFImageDemo" */ = {
			isa = XCConfigurationList;
			buildConfigurations = (
				1DEB913B08733D840010E9CD /* Debug */,
				1DEB913C08733D840010E9CD /* Release */,
			);
			defaultConfigurationIsVisible = 0;
			defaultConfigurationName = Release;
		};
		1DEB913E08733D840010E9CD /* Build configuration list for PBXProject "QCtoOFImageDemo" */ = {
			isa = XCConfigurationList;
			buildConfigurations = (
				1DEB913F08733D840010E9CD /* Debug */,
				1DEB914008733D840010E9CD /* Release */,
			);
			defaultConfigurationIsVisible = 0;
			defaultConfigurationName = Release;
		};
		233E2D890A83C7AC005A62DF /* Build configuration list for PBXAggregateTarget "Build & Copy" */ = {
			isa = XCConfigurationList;
			buildConfigurations = (
				233E2D8A0A83C7AC005A62DF /* Debug */,
				233E2D8B0A83C7AC005A62DF /* Release */,
			);
			defaultConfigurationIsVisible = 0;
			defaultConfigurationName = Release;
		};
/* End XCConfigurationList section */
	};
	rootObject = 089C1669FE841209C02AAC07 /* Project object */;
}
